
Microsoft Visual Studio Solution File, Format Version 12.00
# Visual Studio Version 17
VisualStudioVersion = 17.13.35825.156 d17.13
MinimumVisualStudioVersion = 10.0.40219.1
Project("{FAE04EC0-301F-11D3-BF4B-00C04F79EFBC}") = "favorite-song", "favorite-song\favorite-song.csproj", "{435DD6E3-8A32-4616-BD66-D896DF64F363}"
EndProject
Global
	GlobalSection(SolutionConfigurationPlatforms) = preSolution
		Debug|Any CPU = Debug|Any CPU
		Release|Any CPU = Release|Any CPU
	EndGlobalSection
	GlobalSection(ProjectConfigurationPlatforms) = postSolution
		{435DD6E3-8A32-4616-BD66-D896DF64F363}.Debug|Any CPU.ActiveCfg = Debug|Any CPU
		{435DD6E3-8A32-4616-BD66-D896DF64F363}.Debug|Any CPU.Build.0 = Debug|Any CPU
		{435DD6E3-8A32-4616-BD66-D896DF64F363}.Release|Any CPU.ActiveCfg = Release|Any CPU
		{435DD6E3-8A32-4616-BD66-D896DF64F363}.Release|Any CPU.Build.0 = Release|Any CPU
	EndGlobalSection
	GlobalSection(SolutionProperties) = preSolution
		HideSolutionNode = FALSE
	EndGlobalSection
	GlobalSection(ExtensibilityGlobals) = postSolution
		SolutionGuid = {33A9AD1D-65C4-4939-99BB-F9FCA59D32E0}
	EndGlobalSection
EndGlobal
